
Microsoft Visual Studio Solution File, Format Version 12.00
# Visual Studio Version 17
VisualStudioVersion = 17.8.34309.116
MinimumVisualStudioVersion = 10.0.40219.1
Project("{9A19103F-16F7-4668-BE54-9A1E7A4F7556}") = "Calculator", "Calculator\Calculator.csproj", "{60D855D0-14DD-4780-B930-B5CE2EF70C1B}"
EndProject
Project("{9A19103F-16F7-4668-BE54-9A1E7A4F7556}") = "GuessTheNumber", "GuessTheNumber\GuessTheNumber.csproj", "{59CBAB51-86DD-41E8-8FDB-AA610C3E3BAE}"
EndProject
Project("{9A19103F-16F7-4668-BE54-9A1E7A4F7556}") = "Translate", "Translate\Translate.csproj", "{1A449552-F5F9-4B8D-8890-AEE25ACEB8BB}"
EndProject
Project("{9A19103F-16F7-4668-BE54-9A1E7A4F7556}") = "HangMan", "HangMan\HangMan.csproj", "{1B7C4BF8-A863-4EBB-9AA4-8534B69980D6}"
EndProject
Project("{9A19103F-16F7-4668-BE54-9A1E7A4F7556}") = "StudentManagement", "OOP_Part\StudentManagement.csproj", "{6E0D3AA7-EED3-4F81-9F44-688EE6181615}"
EndProject
Project("{9A19103F-16F7-4668-BE54-9A1E7A4F7556}") = "Books", "Books\Books.csproj", "{3BA09DE5-D805-4499-ABA7-0F7D2A3B4138}"
EndProject
Global
	GlobalSection(SolutionConfigurationPlatforms) = preSolution
		Debug|Any CPU = Debug|Any CPU
		Release|Any CPU = Release|Any CPU
	EndGlobalSection
	GlobalSection(ProjectConfigurationPlatforms) = postSolution
		{60D855D0-14DD-4780-B930-B5CE2EF70C1B}.Debug|Any CPU.ActiveCfg = Debug|Any CPU
		{60D855D0-14DD-4780-B930-B5CE2EF70C1B}.Debug|Any CPU.Build.0 = Debug|Any CPU
		{60D855D0-14DD-4780-B930-B5CE2EF70C1B}.Release|Any CPU.ActiveCfg = Release|Any CPU
		{60D855D0-14DD-4780-B930-B5CE2EF70C1B}.Release|Any CPU.Build.0 = Release|Any CPU
		{59CBAB51-86DD-41E8-8FDB-AA610C3E3BAE}.Debug|Any CPU.ActiveCfg = Debug|Any CPU
		{59CBAB51-86DD-41E8-8FDB-AA610C3E3BAE}.Debug|Any CPU.Build.0 = Debug|Any CPU
		{59CBAB51-86DD-41E8-8FDB-AA610C3E3BAE}.Release|Any CPU.ActiveCfg = Release|Any CPU
		{59CBAB51-86DD-41E8-8FDB-AA610C3E3BAE}.Release|Any CPU.Build.0 = Release|Any CPU
		{1A449552-F5F9-4B8D-8890-AEE25ACEB8BB}.Debug|Any CPU.ActiveCfg = Debug|Any CPU
		{1A449552-F5F9-4B8D-8890-AEE25ACEB8BB}.Debug|Any CPU.Build.0 = Debug|Any CPU
		{1A449552-F5F9-4B8D-8890-AEE25ACEB8BB}.Release|Any CPU.ActiveCfg = Release|Any CPU
		{1A449552-F5F9-4B8D-8890-AEE25ACEB8BB}.Release|Any CPU.Build.0 = Release|Any CPU
		{1B7C4BF8-A863-4EBB-9AA4-8534B69980D6}.Debug|Any CPU.ActiveCfg = Debug|Any CPU
		{1B7C4BF8-A863-4EBB-9AA4-8534B69980D6}.Debug|Any CPU.Build.0 = Debug|Any CPU
		{1B7C4BF8-A863-4EBB-9AA4-8534B69980D6}.Release|Any CPU.ActiveCfg = Release|Any CPU
		{1B7C4BF8-A863-4EBB-9AA4-8534B69980D6}.Release|Any CPU.Build.0 = Release|Any CPU
		{6E0D3AA7-EED3-4F81-9F44-688EE6181615}.Debug|Any CPU.ActiveCfg = Debug|Any CPU
		{6E0D3AA7-EED3-4F81-9F44-688EE6181615}.Debug|Any CPU.Build.0 = Debug|Any CPU
		{6E0D3AA7-EED3-4F81-9F44-688EE6181615}.Release|Any CPU.ActiveCfg = Release|Any CPU
		{6E0D3AA7-EED3-4F81-9F44-688EE6181615}.Release|Any CPU.Build.0 = Release|Any CPU
		{3BA09DE5-D805-4499-ABA7-0F7D2A3B4138}.Debug|Any CPU.ActiveCfg = Debug|Any CPU
		{3BA09DE5-D805-4499-ABA7-0F7D2A3B4138}.Debug|Any CPU.Build.0 = Debug|Any CPU
		{3BA09DE5-D805-4499-ABA7-0F7D2A3B4138}.Release|Any CPU.ActiveCfg = Release|Any CPU
		{3BA09DE5-D805-4499-ABA7-0F7D2A3B4138}.Release|Any CPU.Build.0 = Release|Any CPU
	EndGlobalSection
	GlobalSection(SolutionProperties) = preSolution
		HideSolutionNode = FALSE
	EndGlobalSection
	GlobalSection(ExtensibilityGlobals) = postSolution
		SolutionGuid = {2275AE6C-001C-4517-9B95-9278309C8E5A}
	EndGlobalSection
EndGlobal
