
Microsoft Visual Studio Solution File, Format Version 12.00
# Visual Studio Version 17
VisualStudioVersion = 17.8.34309.116
MinimumVisualStudioVersion = 10.0.40219.1
Project("{FAE04EC0-301F-11D3-BF4B-00C04F79EFBC}") = "Calculator", "Calculator.csproj", "{CA4C7EBA-7C2D-4806-9807-93BB7DC407AB}"
EndProject
Global
	GlobalSection(SolutionConfigurationPlatforms) = preSolution
		Debug|Any CPU = Debug|Any CPU
		Release|Any CPU = Release|Any CPU
	EndGlobalSection
	GlobalSection(ProjectConfigurationPlatforms) = postSolution
		{CA4C7EBA-7C2D-4806-9807-93BB7DC407AB}.Debug|Any CPU.ActiveCfg = Debug|Any CPU
		{CA4C7EBA-7C2D-4806-9807-93BB7DC407AB}.Debug|Any CPU.Build.0 = Debug|Any CPU
		{CA4C7EBA-7C2D-4806-9807-93BB7DC407AB}.Release|Any CPU.ActiveCfg = Release|Any CPU
		{CA4C7EBA-7C2D-4806-9807-93BB7DC407AB}.Release|Any CPU.Build.0 = Release|Any CPU
	EndGlobalSection
	GlobalSection(SolutionProperties) = preSolution
		HideSolutionNode = FALSE
	EndGlobalSection
	GlobalSection(ExtensibilityGlobals) = postSolution
		SolutionGuid = {2275AE6C-001C-4517-9B95-9278309C8E5A}
	EndGlobalSection
EndGlobal
