
Microsoft Visual Studio Solution File, Format Version 12.00
# Visual Studio Version 17
VisualStudioVersion = 17.8.34309.116
MinimumVisualStudioVersion = 10.0.40219.1
Project("{FAE04EC0-301F-11D3-BF4B-00C04F79EFBC}") = "GuessTheNumber", "HangMan\GuessTheNumber.csproj", "{6DE3BDD9-3112-4F26-9BE7-85762018E628}"
EndProject
Project("{FAE04EC0-301F-11D3-BF4B-00C04F79EFBC}") = "Calculator", "Calculator\Calculator.csproj", "{60D855D0-14DD-4780-B930-B5CE2EF70C1B}"
EndProject
Global
	GlobalSection(SolutionConfigurationPlatforms) = preSolution
		Debug|Any CPU = Debug|Any CPU
		Release|Any CPU = Release|Any CPU
	EndGlobalSection
	GlobalSection(ProjectConfigurationPlatforms) = postSolution
		{6DE3BDD9-3112-4F26-9BE7-85762018E628}.Debug|Any CPU.ActiveCfg = Debug|Any CPU
		{6DE3BDD9-3112-4F26-9BE7-85762018E628}.Debug|Any CPU.Build.0 = Debug|Any CPU
		{6DE3BDD9-3112-4F26-9BE7-85762018E628}.Release|Any CPU.ActiveCfg = Release|Any CPU
		{6DE3BDD9-3112-4F26-9BE7-85762018E628}.Release|Any CPU.Build.0 = Release|Any CPU
		{60D855D0-14DD-4780-B930-B5CE2EF70C1B}.Debug|Any CPU.ActiveCfg = Debug|Any CPU
		{60D855D0-14DD-4780-B930-B5CE2EF70C1B}.Debug|Any CPU.Build.0 = Debug|Any CPU
		{60D855D0-14DD-4780-B930-B5CE2EF70C1B}.Release|Any CPU.ActiveCfg = Release|Any CPU
		{60D855D0-14DD-4780-B930-B5CE2EF70C1B}.Release|Any CPU.Build.0 = Release|Any CPU
	EndGlobalSection
	GlobalSection(SolutionProperties) = preSolution
		HideSolutionNode = FALSE
	EndGlobalSection
	GlobalSection(ExtensibilityGlobals) = postSolution
		SolutionGuid = {2275AE6C-001C-4517-9B95-9278309C8E5A}
	EndGlobalSection
EndGlobal
